
Microsoft Visual Studio Solution File, Format Version 12.00
# Visual Studio Version 16
VisualStudioVersion = 16.0.32802.440
MinimumVisualStudioVersion = 10.0.40219.1
Project("{8BC9CEB8-8B4A-11D0-8D11-00A0C91BC942}") = "3dTexture", "3dTexture\3dTexture.vcxproj", "{F8981ACD-6927-4BB7-9B29-18FC263C3879}"
EndProject
Global
	GlobalSection(SolutionConfigurationPlatforms) = preSolution
		Debug|x64 = Debug|x64
		Debug|x86 = Debug|x86
		Release|x64 = Release|x64
		Release|x86 = Release|x86
	EndGlobalSection
	GlobalSection(ProjectConfigurationPlatforms) = postSolution
		{F8981ACD-6927-4BB7-9B29-18FC263C3879}.Debug|x64.ActiveCfg = Debug|x64
		{F8981ACD-6927-4BB7-9B29-18FC263C3879}.Debug|x64.Build.0 = Debug|x64
		{F8981ACD-6927-4BB7-9B29-18FC263C3879}.Debug|x86.ActiveCfg = Debug|Win32
		{F8981ACD-6927-4BB7-9B29-18FC263C3879}.Debug|x86.Build.0 = Debug|Win32
		{F8981ACD-6927-4BB7-9B29-18FC263C3879}.Release|x64.ActiveCfg = Release|x64
		{F8981ACD-6927-4BB7-9B29-18FC263C3879}.Release|x64.Build.0 = Release|x64
		{F8981ACD-6927-4BB7-9B29-18FC263C3879}.Release|x86.ActiveCfg = Release|Win32
		{F8981ACD-6927-4BB7-9B29-18FC263C3879}.Release|x86.Build.0 = Release|Win32
	EndGlobalSection
	GlobalSection(SolutionProperties) = preSolution
		HideSolutionNode = FALSE
	EndGlobalSection
	GlobalSection(ExtensibilityGlobals) = postSolution
		SolutionGuid = {EAEBD6B3-930A-4A35-9DC1-29917EA4A594}
	EndGlobalSection
EndGlobal
